
Microsoft Visual Studio Solution File, Format Version 12.00
# Visual Studio Version 17
VisualStudioVersion = 17.1.32228.430
MinimumVisualStudioVersion = 10.0.40219.1
Project("{8BC9CEB8-8B4A-11D0-8D11-00A0C91BC942}") = "Disperse", "Disperse.vcxproj", "{A39BA9F2-AA51-4290-B73C-0D805D9B576E}"
	ProjectSection(ProjectDependencies) = postProject
		{0D5334F9-BD4B-4478-8CD6-E95C4185B042} = {0D5334F9-BD4B-4478-8CD6-E95C4185B042}
		{B531894F-4762-4D73-A596-F71F7165478B} = {B531894F-4762-4D73-A596-F71F7165478B}
	EndProjectSection
EndProject
Project("{8BC9CEB8-8B4A-11D0-8D11-00A0C91BC942}") = "qdldl", "..\ThirdParty\qdldl\qdldl.vcxproj", "{F609C7AF-B198-4353-ABC9-E62A2D92BBE5}"
EndProject
Project("{8BC9CEB8-8B4A-11D0-8D11-00A0C91BC942}") = "osqp", "..\ThirdParty\osqp\osqp.vcxproj", "{B531894F-4762-4D73-A596-F71F7165478B}"
	ProjectSection(ProjectDependencies) = postProject
		{CA8629E7-FF32-41FB-BFF9-F5B298E47018} = {CA8629E7-FF32-41FB-BFF9-F5B298E47018}
	EndProjectSection
EndProject
Project("{8BC9CEB8-8B4A-11D0-8D11-00A0C91BC942}") = "dlib", "..\ThirdParty\dlib\dlib.vcxproj", "{0D5334F9-BD4B-4478-8CD6-E95C4185B042}"
EndProject
Project("{8BC9CEB8-8B4A-11D0-8D11-00A0C91BC942}") = "amd", "..\ThirdParty\osqp\amd\amd.vcxproj", "{CA8629E7-FF32-41FB-BFF9-F5B298E47018}"
EndProject
Project("{8BC9CEB8-8B4A-11D0-8D11-00A0C91BC942}") = "UnitTesting", "..\Testing\UnitTesting\UnitTesting.vcxproj", "{9294F2CC-5A85-40F4-966D-BD23A81B0F37}"
EndProject
Global
	GlobalSection(SolutionConfigurationPlatforms) = preSolution
		Debug|x64 = Debug|x64
		Debug|x86 = Debug|x86
		Release|x64 = Release|x64
		Release|x86 = Release|x86
	EndGlobalSection
	GlobalSection(ProjectConfigurationPlatforms) = postSolution
		{A39BA9F2-AA51-4290-B73C-0D805D9B576E}.Debug|x64.ActiveCfg = Debug|x64
		{A39BA9F2-AA51-4290-B73C-0D805D9B576E}.Debug|x64.Build.0 = Debug|x64
		{A39BA9F2-AA51-4290-B73C-0D805D9B576E}.Debug|x86.ActiveCfg = Debug|Win32
		{A39BA9F2-AA51-4290-B73C-0D805D9B576E}.Debug|x86.Build.0 = Debug|Win32
		{A39BA9F2-AA51-4290-B73C-0D805D9B576E}.Release|x64.ActiveCfg = Release|x64
		{A39BA9F2-AA51-4290-B73C-0D805D9B576E}.Release|x64.Build.0 = Release|x64
		{A39BA9F2-AA51-4290-B73C-0D805D9B576E}.Release|x86.ActiveCfg = Release|Win32
		{A39BA9F2-AA51-4290-B73C-0D805D9B576E}.Release|x86.Build.0 = Release|Win32
		{F609C7AF-B198-4353-ABC9-E62A2D92BBE5}.Debug|x64.ActiveCfg = Debug|x64
		{F609C7AF-B198-4353-ABC9-E62A2D92BBE5}.Debug|x86.ActiveCfg = Debug|Win32
		{F609C7AF-B198-4353-ABC9-E62A2D92BBE5}.Debug|x86.Build.0 = Debug|Win32
		{F609C7AF-B198-4353-ABC9-E62A2D92BBE5}.Release|x64.ActiveCfg = Release|x64
		{F609C7AF-B198-4353-ABC9-E62A2D92BBE5}.Release|x64.Build.0 = Release|x64
		{F609C7AF-B198-4353-ABC9-E62A2D92BBE5}.Release|x86.ActiveCfg = Release|Win32
		{F609C7AF-B198-4353-ABC9-E62A2D92BBE5}.Release|x86.Build.0 = Release|Win32
		{B531894F-4762-4D73-A596-F71F7165478B}.Debug|x64.ActiveCfg = Debug|x64
		{B531894F-4762-4D73-A596-F71F7165478B}.Debug|x86.ActiveCfg = Debug|Win32
		{B531894F-4762-4D73-A596-F71F7165478B}.Debug|x86.Build.0 = Debug|Win32
		{B531894F-4762-4D73-A596-F71F7165478B}.Release|x64.ActiveCfg = Release|x64
		{B531894F-4762-4D73-A596-F71F7165478B}.Release|x64.Build.0 = Release|x64
		{B531894F-4762-4D73-A596-F71F7165478B}.Release|x86.ActiveCfg = Release|Win32
		{B531894F-4762-4D73-A596-F71F7165478B}.Release|x86.Build.0 = Release|Win32
		{0D5334F9-BD4B-4478-8CD6-E95C4185B042}.Debug|x64.ActiveCfg = Debug|x64
		{0D5334F9-BD4B-4478-8CD6-E95C4185B042}.Debug|x86.ActiveCfg = Debug|Win32
		{0D5334F9-BD4B-4478-8CD6-E95C4185B042}.Debug|x86.Build.0 = Debug|Win32
		{0D5334F9-BD4B-4478-8CD6-E95C4185B042}.Release|x64.ActiveCfg = Release|x64
		{0D5334F9-BD4B-4478-8CD6-E95C4185B042}.Release|x64.Build.0 = Release|x64
		{0D5334F9-BD4B-4478-8CD6-E95C4185B042}.Release|x86.ActiveCfg = Release|Win32
		{0D5334F9-BD4B-4478-8CD6-E95C4185B042}.Release|x86.Build.0 = Release|Win32
		{CA8629E7-FF32-41FB-BFF9-F5B298E47018}.Debug|x64.ActiveCfg = Debug|x64
		{CA8629E7-FF32-41FB-BFF9-F5B298E47018}.Debug|x86.ActiveCfg = Debug|Win32
		{CA8629E7-FF32-41FB-BFF9-F5B298E47018}.Debug|x86.Build.0 = Debug|Win32
		{CA8629E7-FF32-41FB-BFF9-F5B298E47018}.Release|x64.ActiveCfg = Release|x64
		{CA8629E7-FF32-41FB-BFF9-F5B298E47018}.Release|x64.Build.0 = Release|x64
		{CA8629E7-FF32-41FB-BFF9-F5B298E47018}.Release|x86.ActiveCfg = Release|Win32
		{CA8629E7-FF32-41FB-BFF9-F5B298E47018}.Release|x86.Build.0 = Release|Win32
		{9294F2CC-5A85-40F4-966D-BD23A81B0F37}.Debug|x64.ActiveCfg = Debug|x64
		{9294F2CC-5A85-40F4-966D-BD23A81B0F37}.Debug|x64.Build.0 = Debug|x64
		{9294F2CC-5A85-40F4-966D-BD23A81B0F37}.Debug|x86.ActiveCfg = Debug|Win32
		{9294F2CC-5A85-40F4-966D-BD23A81B0F37}.Debug|x86.Build.0 = Debug|Win32
		{9294F2CC-5A85-40F4-966D-BD23A81B0F37}.Release|x64.ActiveCfg = Release|x64
		{9294F2CC-5A85-40F4-966D-BD23A81B0F37}.Release|x64.Build.0 = Release|x64
		{9294F2CC-5A85-40F4-966D-BD23A81B0F37}.Release|x86.ActiveCfg = Release|Win32
		{9294F2CC-5A85-40F4-966D-BD23A81B0F37}.Release|x86.Build.0 = Release|Win32
	EndGlobalSection
	GlobalSection(SolutionProperties) = preSolution
		HideSolutionNode = FALSE
	EndGlobalSection
	GlobalSection(ExtensibilityGlobals) = postSolution
		SolutionGuid = {3B350AD4-D9D0-4E67-9F13-AB37C78A3D82}
	EndGlobalSection
EndGlobal
