<?xml version="1.0" encoding="utf-8"?>
<Project ToolsVersion="4.0" xmlns="http://schemas.microsoft.com/developer/msbuild/2003">
  <ItemGroup>
    <Filter Include="Source Files">
      <UniqueIdentifier>{4FC737F1-C7A5-4376-A066-2A32D752A2FF}</UniqueIdentifier>
      <Extensions>cpp;c;cc;cxx;def;odl;idl;hpj;bat;asm;asmx</Extensions>
    </Filter>
    <Filter Include="Header Files">
      <UniqueIdentifier>{93995380-89BD-4b04-88EB-625FBE52EBFB}</UniqueIdentifier>
      <Extensions>h;hh;hpp;hxx;hm;inl;inc;ipp;xsd</Extensions>
    </Filter>
    <Filter Include="Resource Files">
      <UniqueIdentifier>{67DA6AB6-F800-4c08-8B7A-83BB121AAD01}</UniqueIdentifier>
      <Extensions>rc;ico;cur;bmp;dlg;rc2;rct;bin;rgs;gif;jpg;jpeg;jpe;resx;tiff;tif;png;wav;mfcribbon-ms</Extensions>
    </Filter>
  </ItemGroup>
  <ItemGroup>
    <ClCompile Include="Disperse.cpp">
      <Filter>Source Files</Filter>
    </ClCompile>
    <ClCompile Include="Exceptions.cpp">
      <Filter>Source Files</Filter>
    </ClCompile>
    <ClCompile Include="Security.cpp">
      <Filter>Source Files</Filter>
    </ClCompile>
    <ClCompile Include="CmdLine.cpp">
      <Filter>Source Files</Filter>
    </ClCompile>
    <ClCompile Include="Output.cpp">
      <Filter>Source Files</Filter>
    </ClCompile>
    <ClCompile Include="ListBuilders.cpp">
      <Filter>Source Files</Filter>
    </ClCompile>
    <ClCompile Include="ConstraintUnpacking.cpp">
      <Filter>Source Files</Filter>
    </ClCompile>
    <ClCompile Include="Matrices.cpp">
      <Filter>Source Files</Filter>
    </ClCompile>
    <ClCompile Include="Constraint.cpp">
      <Filter>Source Files</Filter>
    </ClCompile>
    <ClCompile Include="QuickMapping.cpp">
      <Filter>Source Files</Filter>
    </ClCompile>
    <ClCompile Include="Optimise.cpp">
      <Filter>Source Files</Filter>
    </ClCompile>
    <ClCompile Include="Elements.cpp">
      <Filter>Source Files</Filter>
    </ClCompile>
    <ClCompile Include="CombineFactors.cpp">
      <Filter>Source Files</Filter>
    </ClCompile>
    <ClCompile Include="CSVOutput.cpp">
      <Filter>Source Files</Filter>
    </ClCompile>
    <ClCompile Include="Help.cpp">
      <Filter>Source Files</Filter>
    </ClCompile>
    <ClCompile Include="CSVInput.cpp">
      <Filter>Source Files</Filter>
    </ClCompile>
    <ClCompile Include="ArgumentUnpacking.cpp">
      <Filter>Source Files</Filter>
    </ClCompile>
    <ClCompile Include="CombineFactorCommands.cpp">
      <Filter>Source Files</Filter>
    </ClCompile>
    <ClCompile Include="ElementWriters.cpp">
      <Filter>Source Files</Filter>
    </ClCompile>
    <ClCompile Include="OptimiseCommand.cpp">
      <Filter>Source Files</Filter>
    </ClCompile>
    <ClCompile Include="Solver.cpp">
      <Filter>Source Files</Filter>
    </ClCompile>
    <ClCompile Include="SolverSession.cpp">
      <Filter>Source Files</Filter>
    </ClCompile>
  </ItemGroup>
  <ItemGroup>
    <ClInclude Include="Exceptions.hpp">
      <Filter>Header Files</Filter>
    </ClInclude>
    <ClInclude Include="Security.hpp">
      <Filter>Header Files</Filter>
    </ClInclude>
    <ClInclude Include="CmdLine.hpp">
      <Filter>Header Files</Filter>
    </ClInclude>
    <ClInclude Include="ConstraintUnpacking.hpp">
      <Filter>Header Files</Filter>
    </ClInclude>
    <ClInclude Include="Writers.hpp">
      <Filter>Header Files</Filter>
    </ClInclude>
    <ClInclude Include="ListBuilders.hpp">
      <Filter>Header Files</Filter>
    </ClInclude>
    <ClInclude Include="Matrices.hpp">
      <Filter>Header Files</Filter>
    </ClInclude>
    <ClInclude Include="Group.hpp">
      <Filter>Header Files</Filter>
    </ClInclude>
    <ClInclude Include="Constraint.hpp">
      <Filter>Header Files</Filter>
    </ClInclude>
    <ClInclude Include="QuickMapping.hpp">
      <Filter>Header Files</Filter>
    </ClInclude>
    <ClInclude Include="Optimise.hpp">
      <Filter>Header Files</Filter>
    </ClInclude>
    <ClInclude Include="Elements.hpp">
      <Filter>Header Files</Filter>
    </ClInclude>
    <ClInclude Include="CombineFactors.hpp">
      <Filter>Header Files</Filter>
    </ClInclude>
    <ClInclude Include="Output.hpp">
      <Filter>Header Files</Filter>
    </ClInclude>
    <ClInclude Include="Help.hpp">
      <Filter>Header Files</Filter>
    </ClInclude>
    <ClInclude Include="Input.hpp">
      <Filter>Header Files</Filter>
    </ClInclude>
    <ClInclude Include="ArgumentUnpacking.hpp">
      <Filter>Header Files</Filter>
    </ClInclude>
    <ClInclude Include="CombineFactorCommands.hpp">
      <Filter>Header Files</Filter>
    </ClInclude>
    <ClInclude Include="ElementWriters.hpp">
      <Filter>Header Files</Filter>
    </ClInclude>
    <ClInclude Include="OptimiseCommand.hpp">
      <Filter>Header Files</Filter>
    </ClInclude>
    <ClInclude Include="Solver.hpp">
      <Filter>Header Files</Filter>
    </ClInclude>
    <ClInclude Include="SolverSession.hpp">
      <Filter>Header Files</Filter>
    </ClInclude>
  </ItemGroup>
</Project>